
Microsoft Visual Studio Solution File, Format Version 12.00
# Visual Studio 15
VisualStudioVersion = 15.0.28307.329
MinimumVisualStudioVersion = 10.0.40219.1
Project("{FAE04EC0-301F-11D3-BF4B-00C04F79EFBC}") = "Translator", "Translator\Translator.csproj", "{852443B8-DEA7-4DEA-B6A1-E244FF5EAF07}"
EndProject
Global
	GlobalSection(SolutionConfigurationPlatforms) = preSolution
		Debug|Any CPU = Debug|Any CPU
		Release|Any CPU = Release|Any CPU
	EndGlobalSection
	GlobalSection(ProjectConfigurationPlatforms) = postSolution
		{852443B8-DEA7-4DEA-B6A1-E244FF5EAF07}.Debug|Any CPU.ActiveCfg = Debug|Any CPU
		{852443B8-DEA7-4DEA-B6A1-E244FF5EAF07}.Debug|Any CPU.Build.0 = Debug|Any CPU
		{852443B8-DEA7-4DEA-B6A1-E244FF5EAF07}.Release|Any CPU.ActiveCfg = Release|Any CPU
		{852443B8-DEA7-4DEA-B6A1-E244FF5EAF07}.Release|Any CPU.Build.0 = Release|Any CPU
	EndGlobalSection
	GlobalSection(SolutionProperties) = preSolution
		HideSolutionNode = FALSE
	EndGlobalSection
	GlobalSection(ExtensibilityGlobals) = postSolution
		SolutionGuid = {FF18983A-D5F2-438C-B59F-E231A9EBF777}
	EndGlobalSection
EndGlobal
